{
  "name": "hello-node-server",
  "version": "1.0.0",
  "lockfileVersion": 1,
  "requires": true,
  "dependencies": {
    "@dabh/diagnostics": {
      "version": "2.0.2",
      "resolved": "https://npm-dev.bonuz.com/@dabh%2fdiagnostics/-/diagnostics-2.0.2.tgz",
      "integrity": "sha512-+A1YivoVDNNVCdfozHSR8v/jyuuLTMXwjWuxPFlFlUapXoGc+Gj9mDlTDDfrwl7rXCl2tNZ0kE8sIBO6YOn96Q==",
      "requires": {
        "colorspace": "1.1.x",
        "enabled": "2.0.x",
        "kuler": "^2.0.0"
      }
    },
    "@types/node": {
      "version": "14.14.20",
      "resolved": "https://npm-dev.bonuz.com/@types%2fnode/-/node-14.14.20.tgz",
      "integrity": "sha512-Y93R97Ouif9JEOWPIUyU+eyIdyRqQR0I8Ez1dzku4hDx34NWh4HbtIc3WNzwB1Y9ULvNGeu5B8h8bVL5cAk4/A=="
    },
    "@types/redis": {
      "version": "2.8.28",
      "resolved": "https://npm-dev.bonuz.com/@types%2fredis/-/redis-2.8.28.tgz",
      "integrity": "sha512-8l2gr2OQ969ypa7hFOeKqtFoY70XkHxISV0pAwmQ2nm6CSPb1brmTmqJCGGrekCo+pAZyWlNXr+Kvo6L/1wijA==",
      "requires": {
        "@types/node": "*"
      }
    },
    "ansi-regex": {
      "version": "2.1.1",
      "resolved": "https://npm-dev.bonuz.com/ansi-regex/-/ansi-regex-2.1.1.tgz",
      "integrity": "sha1-w7M6te42DYbg5ijwRorn7yfWVN8="
    },
    "async": {
      "version": "3.2.0",
      "resolved": "https://npm-dev.bonuz.com/async/-/async-3.2.0.tgz",
      "integrity": "sha512-TR2mEZFVOj2pLStYxLht7TyfuRzaydfpxr3k9RpHIzMgw7A64dzsdqCxH1WJyQdoe8T10nDXd9wnEigmiuHIZw=="
    },
    "camelcase": {
      "version": "2.1.1",
      "resolved": "https://npm-dev.bonuz.com/camelcase/-/camelcase-2.1.1.tgz",
      "integrity": "sha1-fB0W1nmhu+WcoCys7PsBHiAfWh8="
    },
    "cliui": {
      "version": "3.2.0",
      "resolved": "https://npm-dev.bonuz.com/cliui/-/cliui-3.2.0.tgz",
      "integrity": "sha1-EgYBU3qRbSmUD5NNo7SNWFo5IT0=",
      "requires": {
        "string-width": "^1.0.1",
        "strip-ansi": "^3.0.1",
        "wrap-ansi": "^2.0.0"
      }
    },
    "clone": {
      "version": "2.1.2",
      "resolved": "https://npm-dev.bonuz.com/clone/-/clone-2.1.2.tgz",
      "integrity": "sha1-G39Ln1kfHo+DZwQBYANFoCiHQ18="
    },
    "code-point-at": {
      "version": "1.1.0",
      "resolved": "https://npm-dev.bonuz.com/code-point-at/-/code-point-at-1.1.0.tgz",
      "integrity": "sha1-DQcLTQQ6W+ozovGkDi7bPZpMz3c="
    },
    "color": {
      "version": "3.0.0",
      "resolved": "https://npm-dev.bonuz.com/color/-/color-3.0.0.tgz",
      "integrity": "sha512-jCpd5+s0s0t7p3pHQKpnJ0TpQKKdleP71LWcA0aqiljpiuAkOSUFN/dyH8ZwF0hRmFlrIuRhufds1QyEP9EB+w==",
      "requires": {
        "color-convert": "^1.9.1",
        "color-string": "^1.5.2"
      }
    },
    "color-convert": {
      "version": "1.9.3",
      "resolved": "https://npm-dev.bonuz.com/color-convert/-/color-convert-1.9.3.tgz",
      "integrity": "sha512-QfAUtd+vFdAtFQcC8CCyYt1fYWxSqAiK2cSD6zDB8N3cpsEBAvRxp9zOGg6G/SHHJYAT88/az/IuDGALsNVbGg==",
      "requires": {
        "color-name": "1.1.3"
      }
    },
    "color-name": {
      "version": "1.1.3",
      "resolved": "https://npm-dev.bonuz.com/color-name/-/color-name-1.1.3.tgz",
      "integrity": "sha1-p9BVi9icQveV3UIyj3QIMcpTvCU="
    },
    "color-string": {
      "version": "1.5.4",
      "resolved": "https://npm-dev.bonuz.com/color-string/-/color-string-1.5.4.tgz",
      "integrity": "sha512-57yF5yt8Xa3czSEW1jfQDE79Idk0+AkN/4KWad6tbdxUmAs3MvjxlWSWD4deYytcRfoZ9nhKyFl1kj5tBvidbw==",
      "requires": {
        "color-name": "^1.0.0",
        "simple-swizzle": "^0.2.2"
      }
    },
    "colors": {
      "version": "1.4.0",
      "resolved": "https://npm-dev.bonuz.com/colors/-/colors-1.4.0.tgz",
      "integrity": "sha512-a+UqTh4kgZg/SlGvfbzDHpgRu7AAQOmmqRHJnxhRZICKFUT91brVhNNt58CMWU9PsBbv3PDCZUHbVxuDiH2mtA=="
    },
    "colorspace": {
      "version": "1.1.2",
      "resolved": "https://npm-dev.bonuz.com/colorspace/-/colorspace-1.1.2.tgz",
      "integrity": "sha512-vt+OoIP2d76xLhjwbBaucYlNSpPsrJWPlBTtwCpQKIu6/CSMutyzX93O/Do0qzpH3YoHEes8YEFXyZ797rEhzQ==",
      "requires": {
        "color": "3.0.x",
        "text-hex": "1.0.x"
      }
    },
    "core-util-is": {
      "version": "1.0.2",
      "resolved": "https://npm-dev.bonuz.com/core-util-is/-/core-util-is-1.0.2.tgz",
      "integrity": "sha1-tf1UIgqivFq1eqtxQMlAdUUDwac="
    },
    "decamelize": {
      "version": "1.2.0",
      "resolved": "https://npm-dev.bonuz.com/decamelize/-/decamelize-1.2.0.tgz",
      "integrity": "sha1-9lNNFRSCabIDUue+4m9QH5oZEpA="
    },
    "denque": {
      "version": "1.5.0",
      "resolved": "https://npm-dev.bonuz.com/denque/-/denque-1.5.0.tgz",
      "integrity": "sha512-CYiCSgIF1p6EUByQPlGkKnP1M9g0ZV3qMIrqMqZqdwazygIA/YP2vrbcyl1h/WppKJTdl1F85cXIle+394iDAQ=="
    },
    "enabled": {
      "version": "2.0.0",
      "resolved": "https://npm-dev.bonuz.com/enabled/-/enabled-2.0.0.tgz",
      "integrity": "sha512-AKrN98kuwOzMIdAizXGI86UFBoo26CL21UM763y1h/GMSJ4/OHU9k2YlsmBpyScFo/wbLzWQJBMCW4+IO3/+OQ=="
    },
    "fast-safe-stringify": {
      "version": "2.0.7",
      "resolved": "https://npm-dev.bonuz.com/fast-safe-stringify/-/fast-safe-stringify-2.0.7.tgz",
      "integrity": "sha512-Utm6CdzT+6xsDk2m8S6uL8VHxNwI6Jub+e9NYTcAms28T84pTa25GJQV9j0CY0N1rM8hK4x6grpF2BQf+2qwVA=="
    },
    "fecha": {
      "version": "4.2.0",
      "resolved": "https://npm-dev.bonuz.com/fecha/-/fecha-4.2.0.tgz",
      "integrity": "sha512-aN3pcx/DSmtyoovUudctc8+6Hl4T+hI9GBBHLjA76jdZl7+b1sgh5g4k+u/GL3dTy1/pnYzKp69FpJ0OicE3Wg=="
    },
    "fn.name": {
      "version": "1.1.0",
      "resolved": "https://npm-dev.bonuz.com/fn.name/-/fn.name-1.1.0.tgz",
      "integrity": "sha512-GRnmB5gPyJpAhTQdSZTSp9uaPSvl09KoYcMQtsB9rQoOmzs9dH6ffeccH+Z+cv6P68Hu5bC6JjRh4Ah/mHSNRw=="
    },
    "inherits": {
      "version": "2.0.4",
      "resolved": "https://npm-dev.bonuz.com/inherits/-/inherits-2.0.4.tgz",
      "integrity": "sha512-k/vGaX4/Yla3WzyMCvTQOXYeIHvqOKtnqBduzTHpzpQZzAskKMhZ2K+EnBiSM9zGSoIFeMpXKxa4dYeZIQqewQ=="
    },
    "ini": {
      "version": "1.3.8",
      "resolved": "https://npm-dev.bonuz.com/ini/-/ini-1.3.8.tgz",
      "integrity": "sha512-JV/yugV2uzW5iMRSiZAyDtQd+nxtUnjeLt0acNdw98kKLrvuRVyB80tsREOE7yvGVgalhZ6RNXCmEHkUKBKxew=="
    },
    "invert-kv": {
      "version": "1.0.0",
      "resolved": "https://npm-dev.bonuz.com/invert-kv/-/invert-kv-1.0.0.tgz",
      "integrity": "sha1-EEqOSqym09jNFXqO+L+rLXo//bY="
    },
    "is-arrayish": {
      "version": "0.3.2",
      "resolved": "https://npm-dev.bonuz.com/is-arrayish/-/is-arrayish-0.3.2.tgz",
      "integrity": "sha512-eVRqCvVlZbuw3GrM63ovNSNAeA1K16kaR/LRY/92w0zxQ5/1YzwblUX652i4Xs9RwAGjW9d9y6X88t8OaAJfWQ=="
    },
    "is-fullwidth-code-point": {
      "version": "1.0.0",
      "resolved": "https://npm-dev.bonuz.com/is-fullwidth-code-point/-/is-fullwidth-code-point-1.0.0.tgz",
      "integrity": "sha1-754xOG8DGn8NZDr4L95QxFfvAMs=",
      "requires": {
        "number-is-nan": "^1.0.0"
      }
    },
    "is-stream": {
      "version": "2.0.0",
      "resolved": "https://npm-dev.bonuz.com/is-stream/-/is-stream-2.0.0.tgz",
      "integrity": "sha512-XCoy+WlUr7d1+Z8GgSuXmpuUFC9fOhRXglJMx+dwLKTkL44Cjd4W1Z5P+BQZpr+cR93aGP4S/s7Ftw6Nd/kiEw=="
    },
    "isarray": {
      "version": "1.0.0",
      "resolved": "https://npm-dev.bonuz.com/isarray/-/isarray-1.0.0.tgz",
      "integrity": "sha1-u5NdSFgsuhaMBoNJV6VKPgcSTxE="
    },
    "kuler": {
      "version": "2.0.0",
      "resolved": "https://npm-dev.bonuz.com/kuler/-/kuler-2.0.0.tgz",
      "integrity": "sha512-Xq9nH7KlWZmXAtodXDDRE7vs6DU1gTU8zYDHDiWLSip45Egwq3plLHzPn27NgvzL2r1LMPC1vdqh98sQxtqj4A=="
    },
    "launchdarkly-eventsource": {
      "version": "1.3.1",
      "resolved": "https://npm-dev.bonuz.com/launchdarkly-eventsource/-/launchdarkly-eventsource-1.3.1.tgz",
      "integrity": "sha512-wLgGRMV+aZIF5HrLZ+LO+YxYI52WB3ZdKrXOqcGpi4+/1r3tl7XhGceYvl751PL+clIZ0zFN+bQP4jh93cPXrg==",
      "requires": {
        "original": "^1.0.0"
      }
    },
    "launchdarkly-node-server-sdk": {
      "version": "5.13.4",
      "resolved": "https://npm-dev.bonuz.com/launchdarkly-node-server-sdk/-/launchdarkly-node-server-sdk-5.13.4.tgz",
      "integrity": "sha512-OJHJBCnrxDsWvV6NGO0NIVmMqXvdgbqDwAj5/QZTVkUutZQROjxDIc4/7TptGSTUA3gW7ZvaPe7deWHTIQuBng==",
      "requires": {
        "@types/redis": "^2.8.18",
        "async": "^3.1.0",
        "launchdarkly-eventsource": "1.3.1",
        "lrucache": "^1.0.3",
        "node-cache": "^4.2.0",
        "redis": "^3.0.2",
        "semver": "^6.3.0",
        "tunnel": "0.0.6",
        "uuid": "^3.3.3",
        "winston": "^3.2.1",
        "yaml": "^1.0.1"
      }
    },
    "lcid": {
      "version": "1.0.0",
      "resolved": "https://npm-dev.bonuz.com/lcid/-/lcid-1.0.0.tgz",
      "integrity": "sha1-MIrMr6C8SDo4Z7S28rlQYlHRuDU=",
      "requires": {
        "invert-kv": "^1.0.0"
      }
    },
    "lodash": {
      "version": "4.17.20",
      "resolved": "https://npm-dev.bonuz.com/lodash/-/lodash-4.17.20.tgz",
      "integrity": "sha512-PlhdFcillOINfeV7Ni6oF1TAEayyZBoZ8bcshTHqOYJYlrqzRK5hagpagky5o4HfCzzd1TRkXPMFq6cKk9rGmA=="
    },
    "logform": {
      "version": "2.2.0",
      "resolved": "https://npm-dev.bonuz.com/logform/-/logform-2.2.0.tgz",
      "integrity": "sha512-N0qPlqfypFx7UHNn4B3lzS/b0uLqt2hmuoa+PpuXNYgozdJYAyauF5Ky0BWVjrxDlMWiT3qN4zPq3vVAfZy7Yg==",
      "requires": {
        "colors": "^1.2.1",
        "fast-safe-stringify": "^2.0.4",
        "fecha": "^4.2.0",
        "ms": "^2.1.1",
        "triple-beam": "^1.3.0"
      }
    },
    "lrucache": {
      "version": "1.0.3",
      "resolved": "https://npm-dev.bonuz.com/lrucache/-/lrucache-1.0.3.tgz",
      "integrity": "sha1-Ox3tDRuoLhiLm9q6nu5khvhkpDQ="
    },
    "ms": {
      "version": "2.1.3",
      "resolved": "https://npm-dev.bonuz.com/ms/-/ms-2.1.3.tgz",
      "integrity": "sha512-6FlzubTLZG3J2a/NVCAleEhjzq5oxgHyaCU9yYXvcLsvoVaHJq/s5xXI6/XXP6tz7R9xAOtHnSO/tXtF3WRTlA=="
    },
    "mtconf": {
      "version": "1.0.2",
      "resolved": "https://npm-dev.bonuz.com/mtconf/-/mtconf-1.0.2.tgz",
      "integrity": "sha512-Ibwsd14DktgD9Eu5AigkG82vxcE8KBZY+5j+DQdfiq3XCdud5X/vSa6iEzNnJohdAUIhg8QfO8v86XechqpuDA==",
      "requires": {
        "nconf": "^0.10.0"
      }
    },
    "nconf": {
      "version": "0.10.0",
      "resolved": "https://npm-dev.bonuz.com/nconf/-/nconf-0.10.0.tgz",
      "integrity": "sha512-fKiXMQrpP7CYWJQzKkPPx9hPgmq+YLDyxcG9N8RpiE9FoCkCbzD0NyW0YhE3xn3Aupe7nnDeIx4PFzYehpHT9Q==",
      "requires": {
        "async": "^1.4.0",
        "ini": "^1.3.0",
        "secure-keys": "^1.0.0",
        "yargs": "^3.19.0"
      },
      "dependencies": {
        "async": {
          "version": "1.5.2",
          "resolved": "https://npm-dev.bonuz.com/async/-/async-1.5.2.tgz",
          "integrity": "sha1-7GphrlZIDAw8skHJVhjiCJL5Zyo="
        }
      }
    },
    "node-cache": {
      "version": "4.2.1",
      "resolved": "https://npm-dev.bonuz.com/node-cache/-/node-cache-4.2.1.tgz",
      "integrity": "sha512-BOb67bWg2dTyax5kdef5WfU3X8xu4wPg+zHzkvls0Q/QpYycIFRLEEIdAx9Wma43DxG6Qzn4illdZoYseKWa4A==",
      "requires": {
        "clone": "2.x",
        "lodash": "^4.17.15"
      }
    },
    "number-is-nan": {
      "version": "1.0.1",
      "resolved": "https://npm-dev.bonuz.com/number-is-nan/-/number-is-nan-1.0.1.tgz",
      "integrity": "sha1-CXtgK1NCKlIsGvuHkDGDNpQaAR0="
    },
    "one-time": {
      "version": "1.0.0",
      "resolved": "https://npm-dev.bonuz.com/one-time/-/one-time-1.0.0.tgz",
      "integrity": "sha512-5DXOiRKwuSEcQ/l0kGCF6Q3jcADFv5tSmRaJck/OqkVFcOzutB134KRSfF0xDrL39MNnqxbHBbUUcjZIhTgb2g==",
      "requires": {
        "fn.name": "1.x.x"
      }
    },
    "original": {
      "version": "1.0.2",
      "resolved": "https://npm-dev.bonuz.com/original/-/original-1.0.2.tgz",
      "integrity": "sha512-hyBVl6iqqUOJ8FqRe+l/gS8H+kKYjrEndd5Pm1MfBtsEKA038HkkdbAl/72EAXGyonD/PFsvmVG+EvcIpliMBg==",
      "requires": {
        "url-parse": "^1.4.3"
      }
    },
    "os-locale": {
      "version": "1.4.0",
      "resolved": "https://npm-dev.bonuz.com/os-locale/-/os-locale-1.4.0.tgz",
      "integrity": "sha1-IPnxeuKe00XoveWDsT0gCYA8FNk=",
      "requires": {
        "lcid": "^1.0.0"
      }
    },
    "process-nextick-args": {
      "version": "2.0.1",
      "resolved": "https://npm-dev.bonuz.com/process-nextick-args/-/process-nextick-args-2.0.1.tgz",
      "integrity": "sha512-3ouUOpQhtgrbOa17J7+uxOTpITYWaGP7/AhoR3+A+/1e9skrzelGi/dXzEYyvbxubEF6Wn2ypscTKiKJFFn1ag=="
    },
    "querystringify": {
      "version": "2.2.0",
      "resolved": "https://npm-dev.bonuz.com/querystringify/-/querystringify-2.2.0.tgz",
      "integrity": "sha512-FIqgj2EUvTa7R50u0rGsyTftzjYmv/a3hO345bZNrqabNqjtgiDMgmo4mkUjd+nzU5oF3dClKqFIPUKybUyqoQ=="
    },
    "readable-stream": {
      "version": "3.6.0",
      "resolved": "https://npm-dev.bonuz.com/readable-stream/-/readable-stream-3.6.0.tgz",
      "integrity": "sha512-BViHy7LKeTz4oNnkcLJ+lVSL6vpiFeX6/d3oSH8zCW7UxP2onchk+vTGB143xuFjHS3deTgkKoXXymXqymiIdA==",
      "requires": {
        "inherits": "^2.0.3",
        "string_decoder": "^1.1.1",
        "util-deprecate": "^1.0.1"
      }
    },
    "redis": {
      "version": "3.0.2",
      "resolved": "https://npm-dev.bonuz.com/redis/-/redis-3.0.2.tgz",
      "integrity": "sha512-PNhLCrjU6vKVuMOyFu7oSP296mwBkcE6lrAjruBYG5LgdSqtRBoVQIylrMyVZD/lkF24RSNNatzvYag6HRBHjQ==",
      "requires": {
        "denque": "^1.4.1",
        "redis-commands": "^1.5.0",
        "redis-errors": "^1.2.0",
        "redis-parser": "^3.0.0"
      }
    },
    "redis-commands": {
      "version": "1.6.0",
      "resolved": "https://npm-dev.bonuz.com/redis-commands/-/redis-commands-1.6.0.tgz",
      "integrity": "sha512-2jnZ0IkjZxvguITjFTrGiLyzQZcTvaw8DAaCXxZq/dsHXz7KfMQ3OUJy7Tz9vnRtZRVz6VRCPDvruvU8Ts44wQ=="
    },
    "redis-errors": {
      "version": "1.2.0",
      "resolved": "https://npm-dev.bonuz.com/redis-errors/-/redis-errors-1.2.0.tgz",
      "integrity": "sha1-62LSrbFeTq9GEMBK/hUpOEJQq60="
    },
    "redis-parser": {
      "version": "3.0.0",
      "resolved": "https://npm-dev.bonuz.com/redis-parser/-/redis-parser-3.0.0.tgz",
      "integrity": "sha1-tm2CjNyv5rS4pCin3vTGvKwxyLQ=",
      "requires": {
        "redis-errors": "^1.0.0"
      }
    },
    "requires-port": {
      "version": "1.0.0",
      "resolved": "https://npm-dev.bonuz.com/requires-port/-/requires-port-1.0.0.tgz",
      "integrity": "sha1-kl0mAdOaxIXgkc8NpcbmlNw9yv8="
    },
    "safe-buffer": {
      "version": "5.2.1",
      "resolved": "https://npm-dev.bonuz.com/safe-buffer/-/safe-buffer-5.2.1.tgz",
      "integrity": "sha512-rp3So07KcdmmKbGvgaNxQSJr7bGVSVk5S9Eq1F+ppbRo70+YeaDxkw5Dd8NPN+GD6bjnYm2VuPuCXmpuYvmCXQ=="
    },
    "secure-keys": {
      "version": "1.0.0",
      "resolved": "https://npm-dev.bonuz.com/secure-keys/-/secure-keys-1.0.0.tgz",
      "integrity": "sha1-8MgtmKOxOah3aogIBQuCRDEIf8o="
    },
    "semver": {
      "version": "6.3.0",
      "resolved": "https://npm-dev.bonuz.com/semver/-/semver-6.3.0.tgz",
      "integrity": "sha512-b39TBaTSfV6yBrapU89p5fKekE2m/NwnDocOVruQFS1/veMgdzuPcnOM34M6CwxW8jH/lxEa5rBoDeUwu5HHTw=="
    },
    "simple-swizzle": {
      "version": "0.2.2",
      "resolved": "https://npm-dev.bonuz.com/simple-swizzle/-/simple-swizzle-0.2.2.tgz",
      "integrity": "sha1-pNprY1/8zMoz9w0Xy5JZLeleVXo=",
      "requires": {
        "is-arrayish": "^0.3.1"
      }
    },
    "stack-trace": {
      "version": "0.0.10",
      "resolved": "https://npm-dev.bonuz.com/stack-trace/-/stack-trace-0.0.10.tgz",
      "integrity": "sha1-VHxws0fo0ytOEI6hoqFZ5f3eGcA="
    },
    "string-width": {
      "version": "1.0.2",
      "resolved": "https://npm-dev.bonuz.com/string-width/-/string-width-1.0.2.tgz",
      "integrity": "sha1-EYvfW4zcUaKn5w0hHgfisLmxB9M=",
      "requires": {
        "code-point-at": "^1.0.0",
        "is-fullwidth-code-point": "^1.0.0",
        "strip-ansi": "^3.0.0"
      }
    },
    "string_decoder": {
      "version": "1.3.0",
      "resolved": "https://npm-dev.bonuz.com/string_decoder/-/string_decoder-1.3.0.tgz",
      "integrity": "sha512-hkRX8U1WjJFd8LsDJ2yQ/wWWxaopEsABU1XfkM8A+j0+85JAGppt16cr1Whg6KIbb4okU6Mql6BOj+uup/wKeA==",
      "requires": {
        "safe-buffer": "~5.2.0"
      }
    },
    "strip-ansi": {
      "version": "3.0.1",
      "resolved": "https://npm-dev.bonuz.com/strip-ansi/-/strip-ansi-3.0.1.tgz",
      "integrity": "sha1-ajhfuIU9lS1f8F0Oiq+UJ43GPc8=",
      "requires": {
        "ansi-regex": "^2.0.0"
      }
    },
    "text-hex": {
      "version": "1.0.0",
      "resolved": "https://npm-dev.bonuz.com/text-hex/-/text-hex-1.0.0.tgz",
      "integrity": "sha512-uuVGNWzgJ4yhRaNSiubPY7OjISw4sw4E5Uv0wbjp+OzcbmVU/rsT8ujgcXJhn9ypzsgr5vlzpPqP+MBBKcGvbg=="
    },
    "triple-beam": {
      "version": "1.3.0",
      "resolved": "https://npm-dev.bonuz.com/triple-beam/-/triple-beam-1.3.0.tgz",
      "integrity": "sha512-XrHUvV5HpdLmIj4uVMxHggLbFSZYIn7HEWsqePZcI50pco+MPqJ50wMGY794X7AOOhxOBAjbkqfAbEe/QMp2Lw=="
    },
    "tunnel": {
      "version": "0.0.6",
      "resolved": "https://npm-dev.bonuz.com/tunnel/-/tunnel-0.0.6.tgz",
      "integrity": "sha512-1h/Lnq9yajKY2PEbBadPXj3VxsDDu844OnaAo52UVmIzIvwwtBPIuNvkjuzBlTWpfJyUbG3ez0KSBibQkj4ojg=="
    },
    "url-parse": {
      "version": "1.4.7",
      "resolved": "https://npm-dev.bonuz.com/url-parse/-/url-parse-1.4.7.tgz",
      "integrity": "sha512-d3uaVyzDB9tQoSXFvuSUNFibTd9zxd2bkVrDRvF5TmvWWQwqE4lgYJ5m+x1DbecWkw+LK4RNl2CU1hHuOKPVlg==",
      "requires": {
        "querystringify": "^2.1.1",
        "requires-port": "^1.0.0"
      }
    },
    "util-deprecate": {
      "version": "1.0.2",
      "resolved": "https://npm-dev.bonuz.com/util-deprecate/-/util-deprecate-1.0.2.tgz",
      "integrity": "sha1-RQ1Nyfpw3nMnYvvS1KKJgUGaDM8="
    },
    "uuid": {
      "version": "3.4.0",
      "resolved": "https://npm-dev.bonuz.com/uuid/-/uuid-3.4.0.tgz",
      "integrity": "sha512-HjSDRw6gZE5JMggctHBcjVak08+KEVhSIiDzFnT9S9aegmp85S/bReBVTb4QTFaRNptJ9kuYaNhnbNEOkbKb/A=="
    },
    "window-size": {
      "version": "0.1.4",
      "resolved": "https://npm-dev.bonuz.com/window-size/-/window-size-0.1.4.tgz",
      "integrity": "sha1-+OGqHuWlPsW/FR/6CXQqatdpeHY="
    },
    "winston": {
      "version": "3.3.3",
      "resolved": "https://npm-dev.bonuz.com/winston/-/winston-3.3.3.tgz",
      "integrity": "sha512-oEXTISQnC8VlSAKf1KYSSd7J6IWuRPQqDdo8eoRNaYKLvwSb5+79Z3Yi1lrl6KDpU6/VWaxpakDAtb1oQ4n9aw==",
      "requires": {
        "@dabh/diagnostics": "^2.0.2",
        "async": "^3.1.0",
        "is-stream": "^2.0.0",
        "logform": "^2.2.0",
        "one-time": "^1.0.0",
        "readable-stream": "^3.4.0",
        "stack-trace": "0.0.x",
        "triple-beam": "^1.3.0",
        "winston-transport": "^4.4.0"
      }
    },
    "winston-transport": {
      "version": "4.4.0",
      "resolved": "https://npm-dev.bonuz.com/winston-transport/-/winston-transport-4.4.0.tgz",
      "integrity": "sha512-Lc7/p3GtqtqPBYYtS6KCN3c77/2QCev51DvcJKbkFPQNoj1sinkGwLGFDxkXY9J6p9+EPnYs+D90uwbnaiURTw==",
      "requires": {
        "readable-stream": "^2.3.7",
        "triple-beam": "^1.2.0"
      },
      "dependencies": {
        "readable-stream": {
          "version": "2.3.7",
          "resolved": "https://npm-dev.bonuz.com/readable-stream/-/readable-stream-2.3.7.tgz",
          "integrity": "sha512-Ebho8K4jIbHAxnuxi7o42OrZgF/ZTNcsZj6nRKyUmkhLFq8CHItp/fy6hQZuZmP/n3yZ9VBUbp4zz/mX8hmYPw==",
          "requires": {
            "core-util-is": "~1.0.0",
            "inherits": "~2.0.3",
            "isarray": "~1.0.0",
            "process-nextick-args": "~2.0.0",
            "safe-buffer": "~5.1.1",
            "string_decoder": "~1.1.1",
            "util-deprecate": "~1.0.1"
          }
        },
        "safe-buffer": {
          "version": "5.1.2",
          "resolved": "https://npm-dev.bonuz.com/safe-buffer/-/safe-buffer-5.1.2.tgz",
          "integrity": "sha512-Gd2UZBJDkXlY7GbJxfsE8/nvKkUEU1G38c1siN6QP6a9PT9MmHB8GnpscSmMJSoF8LOIrt8ud/wPtojys4G6+g=="
        },
        "string_decoder": {
          "version": "1.1.1",
          "resolved": "https://npm-dev.bonuz.com/string_decoder/-/string_decoder-1.1.1.tgz",
          "integrity": "sha512-n/ShnvDi6FHbbVfviro+WojiFzv+s8MPMHBczVePfUpDJLwoLT0ht1l4YwBCbi8pJAveEEdnkHyPyTP/mzRfwg==",
          "requires": {
            "safe-buffer": "~5.1.0"
          }
        }
      }
    },
    "wrap-ansi": {
      "version": "2.1.0",
      "resolved": "https://npm-dev.bonuz.com/wrap-ansi/-/wrap-ansi-2.1.0.tgz",
      "integrity": "sha1-2Pw9KE3QV5T+hJc8rs3Rz4JP3YU=",
      "requires": {
        "string-width": "^1.0.1",
        "strip-ansi": "^3.0.1"
      }
    },
    "y18n": {
      "version": "3.2.2",
      "resolved": "https://npm-dev.bonuz.com/y18n/-/y18n-3.2.2.tgz",
      "integrity": "sha512-uGZHXkHnhF0XeeAPgnKfPv1bgKAYyVvmNL1xlKsPYZPaIHxGti2hHqvOCQv71XMsLxu1QjergkqogUnms5D3YQ=="
    },
    "yaml": {
      "version": "1.10.0",
      "resolved": "https://npm-dev.bonuz.com/yaml/-/yaml-1.10.0.tgz",
      "integrity": "sha512-yr2icI4glYaNG+KWONODapy2/jDdMSDnrONSjblABjD9B4Z5LgiircSt8m8sRZFNi08kG9Sm0uSHtEmP3zaEGg=="
    },
    "yargs": {
      "version": "3.32.0",
      "resolved": "https://npm-dev.bonuz.com/yargs/-/yargs-3.32.0.tgz",
      "integrity": "sha1-AwiOnr+edWtpdRYR0qXvWRSCyZU=",
      "requires": {
        "camelcase": "^2.0.1",
        "cliui": "^3.0.3",
        "decamelize": "^1.1.1",
        "os-locale": "^1.4.0",
        "string-width": "^1.0.1",
        "window-size": "^0.1.4",
        "y18n": "^3.2.0"
      }
    }
  }
}
